
Microsoft Visual Studio Solution File, Format Version 12.00
# Visual Studio Version 16
VisualStudioVersion = 16.0.31624.102
MinimumVisualStudioVersion = 10.0.40219.1
Project("{FAE04EC0-301F-11D3-BF4B-00C04F79EFBC}") = "PruebaCancionesWebApi", "PruebaCancionesWebApi.csproj", "{F2C4296E-A2D6-4498-86CC-FF273586870C}"
EndProject
Global
	GlobalSection(SolutionConfigurationPlatforms) = preSolution
		Debug|Any CPU = Debug|Any CPU
		Release|Any CPU = Release|Any CPU
	EndGlobalSection
	GlobalSection(ProjectConfigurationPlatforms) = postSolution
		{F2C4296E-A2D6-4498-86CC-FF273586870C}.Debug|Any CPU.ActiveCfg = Debug|Any CPU
		{F2C4296E-A2D6-4498-86CC-FF273586870C}.Debug|Any CPU.Build.0 = Debug|Any CPU
		{F2C4296E-A2D6-4498-86CC-FF273586870C}.Release|Any CPU.ActiveCfg = Release|Any CPU
		{F2C4296E-A2D6-4498-86CC-FF273586870C}.Release|Any CPU.Build.0 = Release|Any CPU
	EndGlobalSection
	GlobalSection(SolutionProperties) = preSolution
		HideSolutionNode = FALSE
	EndGlobalSection
	GlobalSection(ExtensibilityGlobals) = postSolution
		SolutionGuid = {D7405500-A5D6-4727-B3D0-E0A70582D417}
	EndGlobalSection
EndGlobal
